
Microsoft Visual Studio Solution File, Format Version 12.00
# Visual Studio 14
VisualStudioVersion = 14.0.25123.0
MinimumVisualStudioVersion = 10.0.40219.1
Project("{FAE04EC0-301F-11D3-BF4B-00C04F79EFBC}") = "Tests", "Tests\Tests.csproj", "{A7474038-C9CB-43F4-A285-F1962CCFE798}"
EndProject
Project("{FAE04EC0-301F-11D3-BF4B-00C04F79EFBC}") = "ThrottledSection", "ThrottledSection\ThrottledSection.csproj", "{54875E65-989E-4EFC-868D-370EC0170434}"
EndProject
Global
	GlobalSection(SolutionConfigurationPlatforms) = preSolution
		Debug|Any CPU = Debug|Any CPU
		Release|Any CPU = Release|Any CPU
	EndGlobalSection
	GlobalSection(ProjectConfigurationPlatforms) = postSolution
		{A7474038-C9CB-43F4-A285-F1962CCFE798}.Debug|Any CPU.ActiveCfg = Debug|Any CPU
		{A7474038-C9CB-43F4-A285-F1962CCFE798}.Debug|Any CPU.Build.0 = Debug|Any CPU
		{A7474038-C9CB-43F4-A285-F1962CCFE798}.Release|Any CPU.ActiveCfg = Release|Any CPU
		{A7474038-C9CB-43F4-A285-F1962CCFE798}.Release|Any CPU.Build.0 = Release|Any CPU
		{54875E65-989E-4EFC-868D-370EC0170434}.Debug|Any CPU.ActiveCfg = Debug|Any CPU
		{54875E65-989E-4EFC-868D-370EC0170434}.Debug|Any CPU.Build.0 = Debug|Any CPU
		{54875E65-989E-4EFC-868D-370EC0170434}.Release|Any CPU.ActiveCfg = Release|Any CPU
		{54875E65-989E-4EFC-868D-370EC0170434}.Release|Any CPU.Build.0 = Release|Any CPU
	EndGlobalSection
	GlobalSection(SolutionProperties) = preSolution
		HideSolutionNode = FALSE
	EndGlobalSection
EndGlobal
